
Microsoft Visual Studio Solution File, Format Version 12.00
# Visual Studio Version 16
VisualStudioVersion = 16.0.30309.148
MinimumVisualStudioVersion = 10.0.40219.1
Project("{FAE04EC0-301F-11D3-BF4B-00C04F79EFBC}") = "RPNTest", "RPNTest\RPNTest.csproj", "{8F15EBB5-8161-4BBE-8D25-016B1864BB00}"
EndProject
Global
	GlobalSection(SolutionConfigurationPlatforms) = preSolution
		Debug|Any CPU = Debug|Any CPU
		Release|Any CPU = Release|Any CPU
	EndGlobalSection
	GlobalSection(ProjectConfigurationPlatforms) = postSolution
		{8F15EBB5-8161-4BBE-8D25-016B1864BB00}.Debug|Any CPU.ActiveCfg = Debug|Any CPU
		{8F15EBB5-8161-4BBE-8D25-016B1864BB00}.Debug|Any CPU.Build.0 = Debug|Any CPU
		{8F15EBB5-8161-4BBE-8D25-016B1864BB00}.Release|Any CPU.ActiveCfg = Release|Any CPU
		{8F15EBB5-8161-4BBE-8D25-016B1864BB00}.Release|Any CPU.Build.0 = Release|Any CPU
	EndGlobalSection
	GlobalSection(SolutionProperties) = preSolution
		HideSolutionNode = FALSE
	EndGlobalSection
	GlobalSection(ExtensibilityGlobals) = postSolution
		SolutionGuid = {D8898C37-F1C0-42FE-A198-5EE326B7B165}
	EndGlobalSection
EndGlobal
